
Microsoft Visual Studio Solution File, Format Version 12.00
# Visual Studio Version 16
VisualStudioVersion = 16.0.31005.135
MinimumVisualStudioVersion = 10.0.40219.1
Project("{888888A0-9F3D-457C-B088-3A5042F75D52}") = "KasutajadSalasonad", "KasutajadSalasonad.pyproj", "{7F209AAC-5762-4746-9379-FF9CDE9A12ED}"
EndProject
Global
	GlobalSection(SolutionConfigurationPlatforms) = preSolution
		Debug|Any CPU = Debug|Any CPU
		Release|Any CPU = Release|Any CPU
	EndGlobalSection
	GlobalSection(ProjectConfigurationPlatforms) = postSolution
		{7F209AAC-5762-4746-9379-FF9CDE9A12ED}.Debug|Any CPU.ActiveCfg = Debug|Any CPU
		{7F209AAC-5762-4746-9379-FF9CDE9A12ED}.Release|Any CPU.ActiveCfg = Release|Any CPU
	EndGlobalSection
	GlobalSection(SolutionProperties) = preSolution
		HideSolutionNode = FALSE
	EndGlobalSection
	GlobalSection(ExtensibilityGlobals) = postSolution
		SolutionGuid = {3DCA2BBA-FD21-4D7B-856D-15D61DA409EB}
	EndGlobalSection
EndGlobal
